// !$*UTF8*$!
{
	archiveVersion = 1;
	classes = {
	};
	objectVersion = 50;
	objects = {

/* Begin PBXBuildFile section */
		F52CA48626B2D95400ECD1F9 /* FirstView.storyboard in Resources */ = {isa = PBXBuildFile; fileRef = F52CA48526B2D95400ECD1F9 /* FirstView.storyboard */; };
		F52CA48826B2DAF400ECD1F9 /* FirstViewController.swift in Sources */ = {isa = PBXBuildFile; fileRef = F52CA48726B2DAF400ECD1F9 /* FirstViewController.swift */; };
		F52CA48C26B2E15C00ECD1F9 /* GeneratorView.storyboard in Resources */ = {isa = PBXBuildFile; fileRef = F52CA48B26B2E15C00ECD1F9 /* GeneratorView.storyboard */; };
		F52CA48E26B2E17B00ECD1F9 /* GeneratorViewController.swift in Sources */ = {isa = PBXBuildFile; fileRef = F52CA48D26B2E17B00ECD1F9 /* GeneratorViewController.swift */; };
		F5F3DC0826AA581000128973 /* AppDelegate.swift in Sources */ = {isa = PBXBuildFile; fileRef = F5F3DC0726AA581000128973 /* AppDelegate.swift */; };
		F5F3DC0A26AA581000128973 /* SceneDelegate.swift in Sources */ = {isa = PBXBuildFile; fileRef = F5F3DC0926AA581000128973 /* SceneDelegate.swift */; };
		F5F3DC0C26AA581000128973 /* GachaViewController.swift in Sources */ = {isa = PBXBuildFile; fileRef = F5F3DC0B26AA581000128973 /* GachaViewController.swift */; };
		F5F3DC0F26AA581000128973 /* GachaView.storyboard in Resources */ = {isa = PBXBuildFile; fileRef = F5F3DC0D26AA581000128973 /* GachaView.storyboard */; };
		F5F3DC1126AA581200128973 /* Assets.xcassets in Resources */ = {isa = PBXBuildFile; fileRef = F5F3DC1026AA581200128973 /* Assets.xcassets */; };
		F5F3DC1426AA581200128973 /* LaunchScreen.storyboard in Resources */ = {isa = PBXBuildFile; fileRef = F5F3DC1226AA581200128973 /* LaunchScreen.storyboard */; };
		F5F3DC1F26AA581200128973 /* JiroCallGeneratorTests.swift in Sources */ = {isa = PBXBuildFile; fileRef = F5F3DC1E26AA581200128973 /* JiroCallGeneratorTests.swift */; };
		F5F3DC2A26AA581200128973 /* JiroCallGeneratorUITests.swift in Sources */ = {isa = PBXBuildFile; fileRef = F5F3DC2926AA581200128973 /* JiroCallGeneratorUITests.swift */; };
/* End PBXBuildFile section */

/* Begin PBXContainerItemProxy section */
		F5F3DC1B26AA581200128973 /* PBXContainerItemProxy */ = {
			isa = PBXContainerItemProxy;
			containerPortal = F5F3DBFC26AA581000128973 /* Project object */;
			proxyType = 1;
			remoteGlobalIDString = F5F3DC0326AA581000128973;
			remoteInfo = JiroCallGenerator;
		};
		F5F3DC2626AA581200128973 /* PBXContainerItemProxy */ = {
			isa = PBXContainerItemProxy;
			containerPortal = F5F3DBFC26AA581000128973 /* Project object */;
			proxyType = 1;
			remoteGlobalIDString = F5F3DC0326AA581000128973;
			remoteInfo = JiroCallGenerator;
		};
/* End PBXContainerItemProxy section */

/* Begin PBXFileReference section */
		F52CA48526B2D95400ECD1F9 /* FirstView.storyboard */ = {isa = PBXFileReference; lastKnownFileType = file.storyboard; path = FirstView.storyboard; sourceTree = "<group>"; };
		F52CA48726B2DAF400ECD1F9 /* FirstViewController.swift */ = {isa = PBXFileReference; lastKnownFileType = sourcecode.swift; path = FirstViewController.swift; sourceTree = "<group>"; };
		F52CA48B26B2E15C00ECD1F9 /* GeneratorView.storyboard */ = {isa = PBXFileReference; lastKnownFileType = file.storyboard; path = GeneratorView.storyboard; sourceTree = "<group>"; };
		F52CA48D26B2E17B00ECD1F9 /* GeneratorViewController.swift */ = {isa = PBXFileReference; lastKnownFileType = sourcecode.swift; path = GeneratorViewController.swift; sourceTree = "<group>"; };
		F5F3DC0426AA581000128973 /* JiroCallGenerator.app */ = {isa = PBXFileReference; explicitFileType = wrapper.application; includeInIndex = 0; path = JiroCallGenerator.app; sourceTree = BUILT_PRODUCTS_DIR; };
		F5F3DC0726AA581000128973 /* AppDelegate.swift */ = {isa = PBXFileReference; lastKnownFileType = sourcecode.swift; path = AppDelegate.swift; sourceTree = "<group>"; };
		F5F3DC0926AA581000128973 /* SceneDelegate.swift */ = {isa = PBXFileReference; lastKnownFileType = sourcecode.swift; path = SceneDelegate.swift; sourceTree = "<group>"; };
		F5F3DC0B26AA581000128973 /* GachaViewController.swift */ = {isa = PBXFileReference; lastKnownFileType = sourcecode.swift; path = GachaViewController.swift; sourceTree = "<group>"; };
		F5F3DC0E26AA581000128973 /* Base */ = {isa = PBXFileReference; lastKnownFileType = file.storyboard; name = Base; path = Base.lproj/GachaView.storyboard; sourceTree = "<group>"; };
		F5F3DC1026AA581200128973 /* Assets.xcassets */ = {isa = PBXFileReference; lastKnownFileType = folder.assetcatalog; path = Assets.xcassets; sourceTree = "<group>"; };
		F5F3DC1326AA581200128973 /* Base */ = {isa = PBXFileReference; lastKnownFileType = file.storyboard; name = Base; path = Base.lproj/LaunchScreen.storyboard; sourceTree = "<group>"; };
		F5F3DC1526AA581200128973 /* Info.plist */ = {isa = PBXFileReference; lastKnownFileType = text.plist.xml; path = Info.plist; sourceTree = "<group>"; };
		F5F3DC1A26AA581200128973 /* JiroCallGeneratorTests.xctest */ = {isa = PBXFileReference; explicitFileType = wrapper.cfbundle; includeInIndex = 0; path = JiroCallGeneratorTests.xctest; sourceTree = BUILT_PRODUCTS_DIR; };
		F5F3DC1E26AA581200128973 /* JiroCallGeneratorTests.swift */ = {isa = PBXFileReference; lastKnownFileType = sourcecode.swift; path = JiroCallGeneratorTests.swift; sourceTree = "<group>"; };
		F5F3DC2026AA581200128973 /* Info.plist */ = {isa = PBXFileReference; lastKnownFileType = text.plist.xml; path = Info.plist; sourceTree = "<group>"; };
		F5F3DC2526AA581200128973 /* JiroCallGeneratorUITests.xctest */ = {isa = PBXFileReference; explicitFileType = wrapper.cfbundle; includeInIndex = 0; path = JiroCallGeneratorUITests.xctest; sourceTree = BUILT_PRODUCTS_DIR; };
		F5F3DC2926AA581200128973 /* JiroCallGeneratorUITests.swift */ = {isa = PBXFileReference; lastKnownFileType = sourcecode.swift; path = JiroCallGeneratorUITests.swift; sourceTree = "<group>"; };
		F5F3DC2B26AA581200128973 /* Info.plist */ = {isa = PBXFileReference; lastKnownFileType = text.plist.xml; path = Info.plist; sourceTree = "<group>"; };
/* End PBXFileReference section */

/* Begin PBXFrameworksBuildPhase section */
		F5F3DC0126AA581000128973 /* Frameworks */ = {
			isa = PBXFrameworksBuildPhase;
			buildActionMask = 2147483647;
			files = (
			);
			runOnlyForDeploymentPostprocessing = 0;
		};
		F5F3DC1726AA581200128973 /* Frameworks */ = {
			isa = PBXFrameworksBuildPhase;
			buildActionMask = 2147483647;
			files = (
			);
			runOnlyForDeploymentPostprocessing = 0;
		};
		F5F3DC2226AA581200128973 /* Frameworks */ = {
			isa = PBXFrameworksBuildPhase;
			buildActionMask = 2147483647;
			files = (
			);
			runOnlyForDeploymentPostprocessing = 0;
		};
/* End PBXFrameworksBuildPhase section */

/* Begin PBXGroup section */
		F5F3DBFB26AA581000128973 = {
			isa = PBXGroup;
			children = (
				F5F3DC0626AA581000128973 /* JiroCallGenerator */,
				F5F3DC1D26AA581200128973 /* JiroCallGeneratorTests */,
				F5F3DC2826AA581200128973 /* JiroCallGeneratorUITests */,
				F5F3DC0526AA581000128973 /* Products */,
			);
			sourceTree = "<group>";
		};
		F5F3DC0526AA581000128973 /* Products */ = {
			isa = PBXGroup;
			children = (
				F5F3DC0426AA581000128973 /* JiroCallGenerator.app */,
				F5F3DC1A26AA581200128973 /* JiroCallGeneratorTests.xctest */,
				F5F3DC2526AA581200128973 /* JiroCallGeneratorUITests.xctest */,
			);
			name = Products;
			sourceTree = "<group>";
		};
		F5F3DC0626AA581000128973 /* JiroCallGenerator */ = {
			isa = PBXGroup;
			children = (
				F5F3DC0726AA581000128973 /* AppDelegate.swift */,
				F5F3DC0926AA581000128973 /* SceneDelegate.swift */,
				F5F3DC0B26AA581000128973 /* GachaViewController.swift */,
				F5F3DC0D26AA581000128973 /* GachaView.storyboard */,
				F5F3DC1026AA581200128973 /* Assets.xcassets */,
				F52CA48526B2D95400ECD1F9 /* FirstView.storyboard */,
				F52CA48726B2DAF400ECD1F9 /* FirstViewController.swift */,
				F5F3DC1226AA581200128973 /* LaunchScreen.storyboard */,
				F52CA48B26B2E15C00ECD1F9 /* GeneratorView.storyboard */,
				F52CA48D26B2E17B00ECD1F9 /* GeneratorViewController.swift */,
				F5F3DC1526AA581200128973 /* Info.plist */,
			);
			path = JiroCallGenerator;
			sourceTree = "<group>";
		};
		F5F3DC1D26AA581200128973 /* JiroCallGeneratorTests */ = {
			isa = PBXGroup;
			children = (
				F5F3DC1E26AA581200128973 /* JiroCallGeneratorTests.swift */,
				F5F3DC2026AA581200128973 /* Info.plist */,
			);
			path = JiroCallGeneratorTests;
			sourceTree = "<group>";
		};
		F5F3DC2826AA581200128973 /* JiroCallGeneratorUITests */ = {
			isa = PBXGroup;
			children = (
				F5F3DC2926AA581200128973 /* JiroCallGeneratorUITests.swift */,
				F5F3DC2B26AA581200128973 /* Info.plist */,
			);
			path = JiroCallGeneratorUITests;
			sourceTree = "<group>";
		};
/* End PBXGroup section */

/* Begin PBXNativeTarget section */
		F5F3DC0326AA581000128973 /* JiroCallGenerator */ = {
			isa = PBXNativeTarget;
			buildConfigurationList = F5F3DC2E26AA581200128973 /* Build configuration list for PBXNativeTarget "JiroCallGenerator" */;
			buildPhases = (
				F5F3DC0026AA581000128973 /* Sources */,
				F5F3DC0126AA581000128973 /* Frameworks */,
				F5F3DC0226AA581000128973 /* Resources */,
			);
			buildRules = (
			);
			dependencies = (
			);
			name = JiroCallGenerator;
			productName = JiroCallGenerator;
			productReference = F5F3DC0426AA581000128973 /* JiroCallGenerator.app */;
			productType = "com.apple.product-type.application";
		};
		F5F3DC1926AA581200128973 /* JiroCallGeneratorTests */ = {
			isa = PBXNativeTarget;
			buildConfigurationList = F5F3DC3126AA581200128973 /* Build configuration list for PBXNativeTarget "JiroCallGeneratorTests" */;
			buildPhases = (
				F5F3DC1626AA581200128973 /* Sources */,
				F5F3DC1726AA581200128973 /* Frameworks */,
				F5F3DC1826AA581200128973 /* Resources */,
			);
			buildRules = (
			);
			dependencies = (
				F5F3DC1C26AA581200128973 /* PBXTargetDependency */,
			);
			name = JiroCallGeneratorTests;
			productName = JiroCallGeneratorTests;
			productReference = F5F3DC1A26AA581200128973 /* JiroCallGeneratorTests.xctest */;
			productType = "com.apple.product-type.bundle.unit-test";
		};
		F5F3DC2426AA581200128973 /* JiroCallGeneratorUITests */ = {
			isa = PBXNativeTarget;
			buildConfigurationList = F5F3DC3426AA581200128973 /* Build configuration list for PBXNativeTarget "JiroCallGeneratorUITests" */;
			buildPhases = (
				F5F3DC2126AA581200128973 /* Sources */,
				F5F3DC2226AA581200128973 /* Frameworks */,
				F5F3DC2326AA581200128973 /* Resources */,
			);
			buildRules = (
			);
			dependencies = (
				F5F3DC2726AA581200128973 /* PBXTargetDependency */,
			);
			name = JiroCallGeneratorUITests;
			productName = JiroCallGeneratorUITests;
			productReference = F5F3DC2526AA581200128973 /* JiroCallGeneratorUITests.xctest */;
			productType = "com.apple.product-type.bundle.ui-testing";
		};
/* End PBXNativeTarget section */

/* Begin PBXProject section */
		F5F3DBFC26AA581000128973 /* Project object */ = {
			isa = PBXProject;
			attributes = {
				LastSwiftUpdateCheck = 1250;
				LastUpgradeCheck = 1250;
				TargetAttributes = {
					F5F3DC0326AA581000128973 = {
						CreatedOnToolsVersion = 12.5.1;
					};
					F5F3DC1926AA581200128973 = {
						CreatedOnToolsVersion = 12.5.1;
						TestTargetID = F5F3DC0326AA581000128973;
					};
					F5F3DC2426AA581200128973 = {
						CreatedOnToolsVersion = 12.5.1;
						TestTargetID = F5F3DC0326AA581000128973;
					};
				};
			};
			buildConfigurationList = F5F3DBFF26AA581000128973 /* Build configuration list for PBXProject "JiroCallGenerator" */;
			compatibilityVersion = "Xcode 9.3";
			developmentRegion = en;
			hasScannedForEncodings = 0;
			knownRegions = (
				en,
				Base,
			);
			mainGroup = F5F3DBFB26AA581000128973;
			productRefGroup = F5F3DC0526AA581000128973 /* Products */;
			projectDirPath = "";
			projectRoot = "";
			targets = (
				F5F3DC0326AA581000128973 /* JiroCallGenerator */,
				F5F3DC1926AA581200128973 /* JiroCallGeneratorTests */,
				F5F3DC2426AA581200128973 /* JiroCallGeneratorUITests */,
			);
		};
/* End PBXProject section */

/* Begin PBXResourcesBuildPhase section */
		F5F3DC0226AA581000128973 /* Resources */ = {
			isa = PBXResourcesBuildPhase;
			buildActionMask = 2147483647;
			files = (
				F52CA48C26B2E15C00ECD1F9 /* GeneratorView.storyboard in Resources */,
				F5F3DC1426AA581200128973 /* LaunchScreen.storyboard in Resources */,
				F5F3DC1126AA581200128973 /* Assets.xcassets in Resources */,
				F5F3DC0F26AA581000128973 /* GachaView.storyboard in Resources */,
				F52CA48626B2D95400ECD1F9 /* FirstView.storyboard in Resources */,
			);
			runOnlyForDeploymentPostprocessing = 0;
		};
		F5F3DC1826AA581200128973 /* Resources */ = {
			isa = PBXResourcesBuildPhase;
			buildActionMask = 2147483647;
			files = (
			);
			runOnlyForDeploymentPostprocessing = 0;
		};
		F5F3DC2326AA581200128973 /* Resources */ = {
			isa = PBXResourcesBuildPhase;
			buildActionMask = 2147483647;
			files = (
			);
			runOnlyForDeploymentPostprocessing = 0;
		};
/* End PBXResourcesBuildPhase section */

/* Begin PBXSourcesBuildPhase section */
		F5F3DC0026AA581000128973 /* Sources */ = {
			isa = PBXSourcesBuildPhase;
			buildActionMask = 2147483647;
			files = (
				F52CA48826B2DAF400ECD1F9 /* FirstViewController.swift in Sources */,
				F52CA48E26B2E17B00ECD1F9 /* GeneratorViewController.swift in Sources */,
				F5F3DC0C26AA581000128973 /* GachaViewController.swift in Sources */,
				F5F3DC0826AA581000128973 /* AppDelegate.swift in Sources */,
				F5F3DC0A26AA581000128973 /* SceneDelegate.swift in Sources */,
			);
			runOnlyForDeploymentPostprocessing = 0;
		};
		F5F3DC1626AA581200128973 /* Sources */ = {
			isa = PBXSourcesBuildPhase;
			buildActionMask = 2147483647;
			files = (
				F5F3DC1F26AA581200128973 /* JiroCallGeneratorTests.swift in Sources */,
			);
			runOnlyForDeploymentPostprocessing = 0;
		};
		F5F3DC2126AA581200128973 /* Sources */ = {
			isa = PBXSourcesBuildPhase;
			buildActionMask = 2147483647;
			files = (
				F5F3DC2A26AA581200128973 /* JiroCallGeneratorUITests.swift in Sources */,
			);
			runOnlyForDeploymentPostprocessing = 0;
		};
/* End PBXSourcesBuildPhase section */

/* Begin PBXTargetDependency section */
		F5F3DC1C26AA581200128973 /* PBXTargetDependency */ = {
			isa = PBXTargetDependency;
			target = F5F3DC0326AA581000128973 /* JiroCallGenerator */;
			targetProxy = F5F3DC1B26AA581200128973 /* PBXContainerItemProxy */;
		};
		F5F3DC2726AA581200128973 /* PBXTargetDependency */ = {
			isa = PBXTargetDependency;
			target = F5F3DC0326AA581000128973 /* JiroCallGenerator */;
			targetProxy = F5F3DC2626AA581200128973 /* PBXContainerItemProxy */;
		};
/* End PBXTargetDependency section */

/* Begin PBXVariantGroup section */
		F5F3DC0D26AA581000128973 /* GachaView.storyboard */ = {
			isa = PBXVariantGroup;
			children = (
				F5F3DC0E26AA581000128973 /* Base */,
			);
			name = GachaView.storyboard;
			sourceTree = "<group>";
		};
		F5F3DC1226AA581200128973 /* LaunchScreen.storyboard */ = {
			isa = PBXVariantGroup;
			children = (
				F5F3DC1326AA581200128973 /* Base */,
			);
			name = LaunchScreen.storyboard;
			sourceTree = "<group>";
		};
/* End PBXVariantGroup section */

/* Begin XCBuildConfiguration section */
		F5F3DC2C26AA581200128973 /* Debug */ = {
			isa = XCBuildConfiguration;
			buildSettings = {
				ALWAYS_SEARCH_USER_PATHS = NO;
				CLANG_ANALYZER_NONNULL = YES;
				CLANG_ANALYZER_NUMBER_OBJECT_CONVERSION = YES_AGGRESSIVE;
				CLANG_CXX_LANGUAGE_STANDARD = "gnu++14";
				CLANG_CXX_LIBRARY = "libc++";
				CLANG_ENABLE_MODULES = YES;
				CLANG_ENABLE_OBJC_ARC = YES;
				CLANG_ENABLE_OBJC_WEAK = YES;
				CLANG_WARN_BLOCK_CAPTURE_AUTORELEASING = YES;
				CLANG_WARN_BOOL_CONVERSION = YES;
				CLANG_WARN_COMMA = YES;
				CLANG_WARN_CONSTANT_CONVERSION = YES;
				CLANG_WARN_DEPRECATED_OBJC_IMPLEMENTATIONS = YES;
				CLANG_WARN_DIRECT_OBJC_ISA_USAGE = YES_ERROR;
				CLANG_WARN_DOCUMENTATION_COMMENTS = YES;
				CLANG_WARN_EMPTY_BODY = YES;
				CLANG_WARN_ENUM_CONVERSION = YES;
				CLANG_WARN_INFINITE_RECURSION = YES;
				CLANG_WARN_INT_CONVERSION = YES;
				CLANG_WARN_NON_LITERAL_NULL_CONVERSION = YES;
				CLANG_WARN_OBJC_IMPLICIT_RETAIN_SELF = YES;
				CLANG_WARN_OBJC_LITERAL_CONVERSION = YES;
				CLANG_WARN_OBJC_ROOT_CLASS = YES_ERROR;
				CLANG_WARN_QUOTED_INCLUDE_IN_FRAMEWORK_HEADER = YES;
				CLANG_WARN_RANGE_LOOP_ANALYSIS = YES;
				CLANG_WARN_STRICT_PROTOTYPES = YES;
				CLANG_WARN_SUSPICIOUS_MOVE = YES;
				CLANG_WARN_UNGUARDED_AVAILABILITY = YES_AGGRESSIVE;
				CLANG_WARN_UNREACHABLE_CODE = YES;
				CLANG_WARN__DUPLICATE_METHOD_MATCH = YES;
				COPY_PHASE_STRIP = NO;
				DEBUG_INFORMATION_FORMAT = dwarf;
				ENABLE_STRICT_OBJC_MSGSEND = YES;
				ENABLE_TESTABILITY = YES;
				GCC_C_LANGUAGE_STANDARD = gnu11;
				GCC_DYNAMIC_NO_PIC = NO;
				GCC_NO_COMMON_BLOCKS = YES;
				GCC_OPTIMIZATION_LEVEL = 0;
				GCC_PREPROCESSOR_DEFINITIONS = (
					"DEBUG=1",
					"$(inherited)",
				);
				GCC_WARN_64_TO_32_BIT_CONVERSION = YES;
				GCC_WARN_ABOUT_RETURN_TYPE = YES_ERROR;
				GCC_WARN_UNDECLARED_SELECTOR = YES;
				GCC_WARN_UNINITIALIZED_AUTOS = YES_AGGRESSIVE;
				GCC_WARN_UNUSED_FUNCTION = YES;
				GCC_WARN_UNUSED_VARIABLE = YES;
				IPHONEOS_DEPLOYMENT_TARGET = 14.5;
				MTL_ENABLE_DEBUG_INFO = INCLUDE_SOURCE;
				MTL_FAST_MATH = YES;
				ONLY_ACTIVE_ARCH = YES;
				SDKROOT = iphoneos;
				SWIFT_ACTIVE_COMPILATION_CONDITIONS = DEBUG;
				SWIFT_OPTIMIZATION_LEVEL = "-Onone";
			};
			name = Debug;
		};
		F5F3DC2D26AA581200128973 /* Release */ = {
			isa = XCBuildConfiguration;
			buildSettings = {
				ALWAYS_SEARCH_USER_PATHS = NO;
				CLANG_ANALYZER_NONNULL = YES;
				CLANG_ANALYZER_NUMBER_OBJECT_CONVERSION = YES_AGGRESSIVE;
				CLANG_CXX_LANGUAGE_STANDARD = "gnu++14";
				CLANG_CXX_LIBRARY = "libc++";
				CLANG_ENABLE_MODULES = YES;
				CLANG_ENABLE_OBJC_ARC = YES;
				CLANG_ENABLE_OBJC_WEAK = YES;
				CLANG_WARN_BLOCK_CAPTURE_AUTORELEASING = YES;
				CLANG_WARN_BOOL_CONVERSION = YES;
				CLANG_WARN_COMMA = YES;
				CLANG_WARN_CONSTANT_CONVERSION = YES;
				CLANG_WARN_DEPRECATED_OBJC_IMPLEMENTATIONS = YES;
				CLANG_WARN_DIRECT_OBJC_ISA_USAGE = YES_ERROR;
				CLANG_WARN_DOCUMENTATION_COMMENTS = YES;
				CLANG_WARN_EMPTY_BODY = YES;
				CLANG_WARN_ENUM_CONVERSION = YES;
				CLANG_WARN_INFINITE_RECURSION = YES;
				CLANG_WARN_INT_CONVERSION = YES;
				CLANG_WARN_NON_LITERAL_NULL_CONVERSION = YES;
				CLANG_WARN_OBJC_IMPLICIT_RETAIN_SELF = YES;
				CLANG_WARN_OBJC_LITERAL_CONVERSION = YES;
				CLANG_WARN_OBJC_ROOT_CLASS = YES_ERROR;
				CLANG_WARN_QUOTED_INCLUDE_IN_FRAMEWORK_HEADER = YES;
				CLANG_WARN_RANGE_LOOP_ANALYSIS = YES;
				CLANG_WARN_STRICT_PROTOTYPES = YES;
				CLANG_WARN_SUSPICIOUS_MOVE = YES;
				CLANG_WARN_UNGUARDED_AVAILABILITY = YES_AGGRESSIVE;
				CLANG_WARN_UNREACHABLE_CODE = YES;
				CLANG_WARN__DUPLICATE_METHOD_MATCH = YES;
				COPY_PHASE_STRIP = NO;
				DEBUG_INFORMATION_FORMAT = "dwarf-with-dsym";
				ENABLE_NS_ASSERTIONS = NO;
				ENABLE_STRICT_OBJC_MSGSEND = YES;
				GCC_C_LANGUAGE_STANDARD = gnu11;
				GCC_NO_COMMON_BLOCKS = YES;
				GCC_WARN_64_TO_32_BIT_CONVERSION = YES;
				GCC_WARN_ABOUT_RETURN_TYPE = YES_ERROR;
				GCC_WARN_UNDECLARED_SELECTOR = YES;
				GCC_WARN_UNINITIALIZED_AUTOS = YES_AGGRESSIVE;
				GCC_WARN_UNUSED_FUNCTION = YES;
				GCC_WARN_UNUSED_VARIABLE = YES;
				IPHONEOS_DEPLOYMENT_TARGET = 14.5;
				MTL_ENABLE_DEBUG_INFO = NO;
				MTL_FAST_MATH = YES;
				SDKROOT = iphoneos;
				SWIFT_COMPILATION_MODE = wholemodule;
				SWIFT_OPTIMIZATION_LEVEL = "-O";
				VALIDATE_PRODUCT = YES;
			};
			name = Release;
		};
		F5F3DC2F26AA581200128973 /* Debug */ = {
			isa = XCBuildConfiguration;
			buildSettings = {
				ASSETCATALOG_COMPILER_APPICON_NAME = AppIcon;
				ASSETCATALOG_COMPILER_GLOBAL_ACCENT_COLOR_NAME = AccentColor;
				CODE_SIGN_STYLE = Automatic;
				CURRENT_PROJECT_VERSION = 2;
				DEVELOPMENT_TEAM = 65Q9A6LSXQ;
				INFOPLIST_FILE = JiroCallGenerator/Info.plist;
				LD_RUNPATH_SEARCH_PATHS = (
					"$(inherited)",
					"@executable_path/Frameworks",
				);
				PRODUCT_BUNDLE_IDENTIFIER = YutaManaka.RamenCallGacha;
				PRODUCT_NAME = "$(TARGET_NAME)";
				SWIFT_VERSION = 5.0;
				TARGETED_DEVICE_FAMILY = "1,2";
			};
			name = Debug;
		};
		F5F3DC3026AA581200128973 /* Release */ = {
			isa = XCBuildConfiguration;
			buildSettings = {
				ASSETCATALOG_COMPILER_APPICON_NAME = AppIcon;
				ASSETCATALOG_COMPILER_GLOBAL_ACCENT_COLOR_NAME = AccentColor;
				CODE_SIGN_STYLE = Automatic;
				CURRENT_PROJECT_VERSION = 2;
				DEVELOPMENT_TEAM = 65Q9A6LSXQ;
				INFOPLIST_FILE = JiroCallGenerator/Info.plist;
				LD_RUNPATH_SEARCH_PATHS = (
					"$(inherited)",
					"@executable_path/Frameworks",
				);
				PRODUCT_BUNDLE_IDENTIFIER = YutaManaka.RamenCallGacha;
				PRODUCT_NAME = "$(TARGET_NAME)";
				SWIFT_VERSION = 5.0;
				TARGETED_DEVICE_FAMILY = "1,2";
			};
			name = Release;
		};
		F5F3DC3226AA581200128973 /* Debug */ = {
			isa = XCBuildConfiguration;
			buildSettings = {
				ALWAYS_EMBED_SWIFT_STANDARD_LIBRARIES = YES;
				BUNDLE_LOADER = "$(TEST_HOST)";
				CODE_SIGN_STYLE = Automatic;
				DEVELOPMENT_TEAM = 65Q9A6LSXQ;
				INFOPLIST_FILE = JiroCallGeneratorTests/Info.plist;
				IPHONEOS_DEPLOYMENT_TARGET = 14.5;
				LD_RUNPATH_SEARCH_PATHS = (
					"$(inherited)",
					"@executable_path/Frameworks",
					"@loader_path/Frameworks",
				);
				PRODUCT_BUNDLE_IDENTIFIER = YutaManaka.JiroCallGeneratorTests;
				PRODUCT_NAME = "$(TARGET_NAME)";
				SWIFT_VERSION = 5.0;
				TARGETED_DEVICE_FAMILY = "1,2";
				TEST_HOST = "$(BUILT_PRODUCTS_DIR)/JiroCallGenerator.app/JiroCallGenerator";
			};
			name = Debug;
		};
		F5F3DC3326AA581200128973 /* Release */ = {
			isa = XCBuildConfiguration;
			buildSettings = {
				ALWAYS_EMBED_SWIFT_STANDARD_LIBRARIES = YES;
				BUNDLE_LOADER = "$(TEST_HOST)";
				CODE_SIGN_STYLE = Automatic;
				DEVELOPMENT_TEAM = 65Q9A6LSXQ;
				INFOPLIST_FILE = JiroCallGeneratorTests/Info.plist;
				IPHONEOS_DEPLOYMENT_TARGET = 14.5;
				LD_RUNPATH_SEARCH_PATHS = (
					"$(inherited)",
					"@executable_path/Frameworks",
					"@loader_path/Frameworks",
				);
				PRODUCT_BUNDLE_IDENTIFIER = YutaManaka.JiroCallGeneratorTests;
				PRODUCT_NAME = "$(TARGET_NAME)";
				SWIFT_VERSION = 5.0;
				TARGETED_DEVICE_FAMILY = "1,2";
				TEST_HOST = "$(BUILT_PRODUCTS_DIR)/JiroCallGenerator.app/JiroCallGenerator";
			};
			name = Release;
		};
		F5F3DC3526AA581200128973 /* Debug */ = {
			isa = XCBuildConfiguration;
			buildSettings = {
				ALWAYS_EMBED_SWIFT_STANDARD_LIBRARIES = YES;
				CODE_SIGN_STYLE = Automatic;
				DEVELOPMENT_TEAM = 65Q9A6LSXQ;
				INFOPLIST_FILE = JiroCallGeneratorUITests/Info.plist;
				LD_RUNPATH_SEARCH_PATHS = (
					"$(inherited)",
					"@executable_path/Frameworks",
					"@loader_path/Frameworks",
				);
				PRODUCT_BUNDLE_IDENTIFIER = YutaManaka.JiroCallGeneratorUITests;
				PRODUCT_NAME = "$(TARGET_NAME)";
				SWIFT_VERSION = 5.0;
				TARGETED_DEVICE_FAMILY = "1,2";
				TEST_TARGET_NAME = JiroCallGenerator;
			};
			name = Debug;
		};
		F5F3DC3626AA581200128973 /* Release */ = {
			isa = XCBuildConfiguration;
			buildSettings = {
				ALWAYS_EMBED_SWIFT_STANDARD_LIBRARIES = YES;
				CODE_SIGN_STYLE = Automatic;
				DEVELOPMENT_TEAM = 65Q9A6LSXQ;
				INFOPLIST_FILE = JiroCallGeneratorUITests/Info.plist;
				LD_RUNPATH_SEARCH_PATHS = (
					"$(inherited)",
					"@executable_path/Frameworks",
					"@loader_path/Frameworks",
				);
				PRODUCT_BUNDLE_IDENTIFIER = YutaManaka.JiroCallGeneratorUITests;
				PRODUCT_NAME = "$(TARGET_NAME)";
				SWIFT_VERSION = 5.0;
				TARGETED_DEVICE_FAMILY = "1,2";
				TEST_TARGET_NAME = JiroCallGenerator;
			};
			name = Release;
		};
/* End XCBuildConfiguration section */

/* Begin XCConfigurationList section */
		F5F3DBFF26AA581000128973 /* Build configuration list for PBXProject "JiroCallGenerator" */ = {
			isa = XCConfigurationList;
			buildConfigurations = (
				F5F3DC2C26AA581200128973 /* Debug */,
				F5F3DC2D26AA581200128973 /* Release */,
			);
			defaultConfigurationIsVisible = 0;
			defaultConfigurationName = Release;
		};
		F5F3DC2E26AA581200128973 /* Build configuration list for PBXNativeTarget "JiroCallGenerator" */ = {
			isa = XCConfigurationList;
			buildConfigurations = (
				F5F3DC2F26AA581200128973 /* Debug */,
				F5F3DC3026AA581200128973 /* Release */,
			);
			defaultConfigurationIsVisible = 0;
			defaultConfigurationName = Release;
		};
		F5F3DC3126AA581200128973 /* Build configuration list for PBXNativeTarget "JiroCallGeneratorTests" */ = {
			isa = XCConfigurationList;
			buildConfigurations = (
				F5F3DC3226AA581200128973 /* Debug */,
				F5F3DC3326AA581200128973 /* Release */,
			);
			defaultConfigurationIsVisible = 0;
			defaultConfigurationName = Release;
		};
		F5F3DC3426AA581200128973 /* Build configuration list for PBXNativeTarget "JiroCallGeneratorUITests" */ = {
			isa = XCConfigurationList;
			buildConfigurations = (
				F5F3DC3526AA581200128973 /* Debug */,
				F5F3DC3626AA581200128973 /* Release */,
			);
			defaultConfigurationIsVisible = 0;
			defaultConfigurationName = Release;
		};
/* End XCConfigurationList section */
	};
	rootObject = F5F3DBFC26AA581000128973 /* Project object */;
}
